# This file was autogenerated by Stack.
# You should not edit this file by hand.
# For more information, please see the documentation at:
#   https://docs.haskellstack.org/en/stable/topics/lock_files

packages: []
snapshots:
- completed:
    sha256: 0d762ad5bc0b99b04d9e0b4c4cc05cfea05b3c2c0168de242258cb3e41aedd96
    size: 714960
    url: https://raw.githubusercontent.com/commercialhaskell/stackage-snapshots/master/nightly/2025/12/22.yaml
  original: nightly-2025-12-22
